
Microsoft Visual Studio Solution File, Format Version 11.00
# Visual Studio 2010
Project("{2150E333-8FDC-42A3-9474-1A3956D46DE8}") = "Solution Items", "Solution Items", "{B93547D8-CC8A-4D9E-BD22-3606482E85CA}"
	ProjectSection(SolutionItems) = preProject
		LearningByDoing.vsmdi = LearningByDoing.vsmdi
		LocalTestRun.testrunconfig = LocalTestRun.testrunconfig
	EndProjectSection
EndProject
Project("{FAE04EC0-301F-11D3-BF4B-00C04F79EFBC}") = "LearningByDoing", "LearningByDoing\LearningByDoing.csproj", "{00E92642-D68F-440F-B0F4-4218E58B1256}"
EndProject
Project("{FAE04EC0-301F-11D3-BF4B-00C04F79EFBC}") = "LearningByDoing.Tests", "TestProject1\LearningByDoing.Tests.csproj", "{E3D85B77-5163-4C4A-8A79-ECCE69AC4FB6}"
EndProject
Global
	GlobalSection(TestCaseManagementSettings) = postSolution
		CategoryFile = LearningByDoing.vsmdi
	EndGlobalSection
	GlobalSection(SolutionConfigurationPlatforms) = preSolution
		Debug|Any CPU = Debug|Any CPU
		Release|Any CPU = Release|Any CPU
	EndGlobalSection
	GlobalSection(ProjectConfigurationPlatforms) = postSolution
		{00E92642-D68F-440F-B0F4-4218E58B1256}.Debug|Any CPU.ActiveCfg = Debug|Any CPU
		{00E92642-D68F-440F-B0F4-4218E58B1256}.Debug|Any CPU.Build.0 = Debug|Any CPU
		{00E92642-D68F-440F-B0F4-4218E58B1256}.Release|Any CPU.ActiveCfg = Release|Any CPU
		{00E92642-D68F-440F-B0F4-4218E58B1256}.Release|Any CPU.Build.0 = Release|Any CPU
		{E3D85B77-5163-4C4A-8A79-ECCE69AC4FB6}.Debug|Any CPU.ActiveCfg = Debug|Any CPU
		{E3D85B77-5163-4C4A-8A79-ECCE69AC4FB6}.Debug|Any CPU.Build.0 = Debug|Any CPU
		{E3D85B77-5163-4C4A-8A79-ECCE69AC4FB6}.Release|Any CPU.ActiveCfg = Release|Any CPU
		{E3D85B77-5163-4C4A-8A79-ECCE69AC4FB6}.Release|Any CPU.Build.0 = Release|Any CPU
	EndGlobalSection
	GlobalSection(SolutionProperties) = preSolution
		HideSolutionNode = FALSE
	EndGlobalSection
	GlobalSection(SpecExplorer.ActivityCompletionStatus) = preSolution
		SpecExplorer.ActivityCompletionStatus = TestExisting: ;ModelFromScratch: 
	EndGlobalSection
EndGlobal
